<?xml version="1.0" encoding="utf-8"?>
<Project ToolsVersion="4.0" xmlns="http://schemas.microsoft.com/developer/msbuild/2003">
  <ItemGroup>
    <Filter Include="src">
      <UniqueIdentifier>{585258dd-630f-4c7e-9b57-325ee09c5f17}</UniqueIdentifier>
    </Filter>
    <Filter Include="3rdparty">
      <UniqueIdentifier>{d320a3c8-d744-4d99-a88b-62c48d5e00da}</UniqueIdentifier>
    </Filter>
    <Filter Include="3rdparty\minifb">
      <UniqueIdentifier>{646f6d8b-68dc-4b68-b9a7-d217b1a3d015}</UniqueIdentifier>
    </Filter>
    <Filter Include="3rdparty\minifb\include">
      <UniqueIdentifier>{4f758d4e-92a6-412d-8bcf-45fe9e426625}</UniqueIdentifier>
    </Filter>
    <Filter Include="3rdparty\minifb\src">
      <UniqueIdentifier>{2a2b0dcd-91fa-421f-8cb5-a1ce1a0866be}</UniqueIdentifier>
    </Filter>
    <Filter Include="3rdparty\minifb\src\windows">
      <UniqueIdentifier>{ca9d8186-3fec-4c09-b456-50100a59a4f0}</UniqueIdentifier>
    </Filter>
    <Filter Include="src\core">
      <UniqueIdentifier>{ecff7b18-5704-4680-b3c9-16efb744f487}</UniqueIdentifier>
    </Filter>
    <Filter Include="src\swr">
      <UniqueIdentifier>{1e0e19b6-ea4e-4389-92fc-c50cbc9b426d}</UniqueIdentifier>
    </Filter>
    <Filter Include="src\core\inline">
      <UniqueIdentifier>{18f70080-7afa-4e77-8e10-18d57b52ac61}</UniqueIdentifier>
    </Filter>
    <Filter Include="3rdparty\stb">
      <UniqueIdentifier>{ce2cd85e-43e8-4829-b29e-302279737d57}</UniqueIdentifier>
    </Filter>
    <Filter Include="src\swr\inline">
      <UniqueIdentifier>{98c54f36-b6fe-4851-a8cf-44a57f66df46}</UniqueIdentifier>
    </Filter>
    <Filter Include="src\fonts">
      <UniqueIdentifier>{f2e0856f-9164-487c-afe2-cae176a0631d}</UniqueIdentifier>
    </Filter>
  </ItemGroup>
  <ItemGroup>
    <ClCompile Include="src\main.c">
      <Filter>src</Filter>
    </ClCompile>
    <ClCompile Include="3rdparty\minifb\src\MiniFB_common.c">
      <Filter>3rdparty\minifb\src</Filter>
    </ClCompile>
    <ClCompile Include="3rdparty\minifb\src\MiniFB_internal.c">
      <Filter>3rdparty\minifb\src</Filter>
    </ClCompile>
    <ClCompile Include="3rdparty\minifb\src\MiniFB_timer.c">
      <Filter>3rdparty\minifb\src</Filter>
    </ClCompile>
    <ClCompile Include="3rdparty\minifb\src\windows\WinMiniFB.c">
      <Filter>3rdparty\minifb\src\windows</Filter>
    </ClCompile>
    <ClCompile Include="src\core\allocator.c">
      <Filter>src\core</Filter>
    </ClCompile>
    <ClCompile Include="src\core\core.c">
      <Filter>src\core</Filter>
    </ClCompile>
    <ClCompile Include="src\core\cpu.c">
      <Filter>src\core</Filter>
    </ClCompile>
    <ClCompile Include="src\swr\swr.c">
      <Filter>src\swr</Filter>
    </ClCompile>
    <ClCompile Include="src\core\memory.c">
      <Filter>src\core</Filter>
    </ClCompile>
    <ClCompile Include="src\core\string.c">
      <Filter>src\core</Filter>
    </ClCompile>
    <ClCompile Include="src\core\os_win32.c">
      <Filter>src\core</Filter>
    </ClCompile>
    <ClCompile Include="src\swr\swr_draw_triangle_ref.c">
      <Filter>src\swr</Filter>
    </ClCompile>
    <ClCompile Include="src\swr\swr_draw_triangle_sse2.c">
      <Filter>src\swr</Filter>
    </ClCompile>
    <ClCompile Include="src\core\math.c">
      <Filter>src\core</Filter>
    </ClCompile>
    <ClCompile Include="src\m6502_mesh.c">
      <Filter>src</Filter>
    </ClCompile>
    <ClCompile Include="src\swr\swr_draw_triangle_ssse3.c">
      <Filter>src\swr</Filter>
    </ClCompile>
    <ClCompile Include="src\swr\swr_draw_triangle_sse41.c">
      <Filter>src\swr</Filter>
    </ClCompile>
  </ItemGroup>
  <ItemGroup>
    <ClInclude Include="3rdparty\minifb\include\MiniFB.h">
      <Filter>3rdparty\minifb\include</Filter>
    </ClInclude>
    <ClInclude Include="3rdparty\minifb\include\MiniFB_enums.h">
      <Filter>3rdparty\minifb\include</Filter>
    </ClInclude>
    <ClInclude Include="3rdparty\minifb\src\MiniFB_internal.h">
      <Filter>3rdparty\minifb\src</Filter>
    </ClInclude>
    <ClInclude Include="3rdparty\minifb\src\WindowData.h">
      <Filter>3rdparty\minifb\src</Filter>
    </ClInclude>
    <ClInclude Include="3rdparty\minifb\src\windows\WindowData_Win.h">
      <Filter>3rdparty\minifb\src\windows</Filter>
    </ClInclude>
    <ClInclude Include="src\core\allocator.h">
      <Filter>src\core</Filter>
    </ClInclude>
    <ClInclude Include="src\core\core.h">
      <Filter>src\core</Filter>
    </ClInclude>
    <ClInclude Include="src\core\cpu.h">
      <Filter>src\core</Filter>
    </ClInclude>
    <ClInclude Include="src\core\macros.h">
      <Filter>src\core</Filter>
    </ClInclude>
    <ClInclude Include="src\swr\swr.h">
      <Filter>src\swr</Filter>
    </ClInclude>
    <ClInclude Include="src\core\memory.h">
      <Filter>src\core</Filter>
    </ClInclude>
    <ClInclude Include="src\core\string.h">
      <Filter>src\core</Filter>
    </ClInclude>
    <ClInclude Include="3rdparty\stb\stb_sprintf.h">
      <Filter>3rdparty\stb</Filter>
    </ClInclude>
    <ClInclude Include="src\core\math.h">
      <Filter>src\core</Filter>
    </ClInclude>
    <ClInclude Include="src\core\os.h">
      <Filter>src\core</Filter>
    </ClInclude>
    <ClInclude Include="src\core\error.h">
      <Filter>src\core</Filter>
    </ClInclude>
    <ClInclude Include="src\swr\swr_vec_math.h">
      <Filter>src\swr</Filter>
    </ClInclude>
    <ClInclude Include="src\fonts\font8x8_basic.h">
      <Filter>src\fonts</Filter>
    </ClInclude>
    <ClInclude Include="src\swr\inline\swr_vec_math_sse2.inl">
      <Filter>src\swr\inline</Filter>
    </ClInclude>
    <ClInclude Include="src\m6502_mesh.h">
      <Filter>src</Filter>
    </ClInclude>
    <ClInclude Include="src\swr\swr_p.h">
      <Filter>src\swr</Filter>
    </ClInclude>
  </ItemGroup>
  <ItemGroup>
    <None Include="src\core\inline\memory.inl">
      <Filter>src\core\inline</Filter>
    </None>
    <None Include="src\core\inline\cpu.inl">
      <Filter>src\core\inline</Filter>
    </None>
    <None Include="src\core\inline\allocator.inl">
      <Filter>src\core\inline</Filter>
    </None>
    <None Include="src\core\inline\string.inl">
      <Filter>src\core\inline</Filter>
    </None>
    <None Include="src\core\inline\math.inl">
      <Filter>src\core\inline</Filter>
    </None>
    <None Include="src\core\inline\os.inl">
      <Filter>src\core\inline</Filter>
    </None>
    <None Include="src\swr\inline\swr_vec_math_ref.inl">
      <Filter>src\swr\inline</Filter>
    </None>
    <None Include="src\swr\inline\swr_vec_math_ssse3.inl">
      <Filter>src\swr\inline</Filter>
    </None>
    <None Include="src\swr\inline\swr_vec_math_sse41.inl">
      <Filter>src\swr\inline</Filter>
    </None>
    <None Include="src\swr\inline\swr.inl">
      <Filter>src\swr\inline</Filter>
    </None>
  </ItemGroup>
</Project>